// !$*UTF8*$!
{
	archiveVersion = 1;
	classes = {
	};
	objectVersion = 55;
	objects = {

/* Begin PBXBuildFile section */
		36081E06287FFC0200A933AE /* Date+.swift in Sources */ = {isa = PBXBuildFile; fileRef = 36081E05287FFC0200A933AE /* Date+.swift */; };
		36081E08288003CC00A933AE /* String+.swift in Sources */ = {isa = PBXBuildFile; fileRef = 36081E07288003CC00A933AE /* String+.swift */; };
		36431EB8287D4D79003C99B4 /* ReviewListHeaderView.swift in Sources */ = {isa = PBXBuildFile; fileRef = 36431EB7287D4D79003C99B4 /* ReviewListHeaderView.swift */; };
		36431EBB287D9582003C99B4 /* CustomKeyboardView.swift in Sources */ = {isa = PBXBuildFile; fileRef = 36431EBA287D9581003C99B4 /* CustomKeyboardView.swift */; };
		36431EBD287D9598003C99B4 /* CustomKeyboard.xib in Resources */ = {isa = PBXBuildFile; fileRef = 36431EBC287D9598003C99B4 /* CustomKeyboard.xib */; };
		36F646D0287D39E8007288C7 /* ReviewTableViewCell.swift in Sources */ = {isa = PBXBuildFile; fileRef = 36F646CF287D39E8007288C7 /* ReviewTableViewCell.swift */; };
		36FCAC0B28825C50003AF9AF /* ReviewData1.swift in Sources */ = {isa = PBXBuildFile; fileRef = 36FCAC0A28825C50003AF9AF /* ReviewData1.swift */; };
		36FCAC0D28825D0B003AF9AF /* PostReviewData.swift in Sources */ = {isa = PBXBuildFile; fileRef = 36FCAC0C28825D0B003AF9AF /* PostReviewData.swift */; };
		36FCAC0F28825D60003AF9AF /* NetworkManager.swift in Sources */ = {isa = PBXBuildFile; fileRef = 36FCAC0E28825D60003AF9AF /* NetworkManager.swift */; };
		36FCAC1128828ED8003AF9AF /* EndPoint.swift in Sources */ = {isa = PBXBuildFile; fileRef = 36FCAC1028828ED8003AF9AF /* EndPoint.swift */; };
		36FEC399288534C800F2C39B /* ImageLoder.swift in Sources */ = {isa = PBXBuildFile; fileRef = 36FEC398288534C800F2C39B /* ImageLoder.swift */; };
		DE15E65C28604278003DD2F5 /* AppDelegate.swift in Sources */ = {isa = PBXBuildFile; fileRef = DE15E65B28604278003DD2F5 /* AppDelegate.swift */; };
		DE15E65E28604278003DD2F5 /* SceneDelegate.swift in Sources */ = {isa = PBXBuildFile; fileRef = DE15E65D28604278003DD2F5 /* SceneDelegate.swift */; };
		DE15E66028604278003DD2F5 /* ReviewListViewController.swift in Sources */ = {isa = PBXBuildFile; fileRef = DE15E65F28604278003DD2F5 /* ReviewListViewController.swift */; };
		DE15E66528604279003DD2F5 /* Assets.xcassets in Resources */ = {isa = PBXBuildFile; fileRef = DE15E66428604279003DD2F5 /* Assets.xcassets */; };
		DE15E66828604279003DD2F5 /* LaunchScreen.storyboard in Resources */ = {isa = PBXBuildFile; fileRef = DE15E66628604279003DD2F5 /* LaunchScreen.storyboard */; };
		F035E55B287D3C09002DA8F9 /* HttpClient.swift in Sources */ = {isa = PBXBuildFile; fileRef = F035E55A287D3C09002DA8F9 /* HttpClient.swift */; };
		F035E55D287D3E41002DA8F9 /* Repository.swift in Sources */ = {isa = PBXBuildFile; fileRef = F035E55C287D3E41002DA8F9 /* Repository.swift */; };
		F039F8A8288669C200E7B637 /* HangulKeyboardManager.swift in Sources */ = {isa = PBXBuildFile; fileRef = F039F8A7288669C200E7B637 /* HangulKeyboardManager.swift */; };
		F039F8AA28866A2500E7B637 /* HangulKeyboardData.swift in Sources */ = {isa = PBXBuildFile; fileRef = F039F8A928866A2500E7B637 /* HangulKeyboardData.swift */; };
		F039F8AE28866F0C00E7B637 /* KeyboardIOManager.swift in Sources */ = {isa = PBXBuildFile; fileRef = F039F8AD28866F0C00E7B637 /* KeyboardIOManager.swift */; };
		F039F8B028868F2000E7B637 /* HangulKeyboardConverter.swift in Sources */ = {isa = PBXBuildFile; fileRef = F039F8AF28868F2000E7B637 /* HangulKeyboardConverter.swift */; };
		F039F8B2288690C800E7B637 /* HangulCombineValidator.swift in Sources */ = {isa = PBXBuildFile; fileRef = F039F8B1288690C800E7B637 /* HangulCombineValidator.swift */; };
		F039F8B4288692A900E7B637 /* HangulCombinator.swift in Sources */ = {isa = PBXBuildFile; fileRef = F039F8B3288692A900E7B637 /* HangulCombinator.swift */; };
		F0D480D3287D97BD00D9425C /* CreateReviewViewController.swift in Sources */ = {isa = PBXBuildFile; fileRef = F0D480D2287D97BD00D9425C /* CreateReviewViewController.swift */; };
		F0D480D5287E532000D9425C /* HangulSet.swift in Sources */ = {isa = PBXBuildFile; fileRef = F0D480D4287E532000D9425C /* HangulSet.swift */; };
		F0D480D7287E658300D9425C /* KeyboardMaker.swift in Sources */ = {isa = PBXBuildFile; fileRef = F0D480D6287E658300D9425C /* KeyboardMaker.swift */; };
		F0D4B436287D564D0083E8AE /* ReviewData.swift in Sources */ = {isa = PBXBuildFile; fileRef = F0D4B435287D564D0083E8AE /* ReviewData.swift */; };
/* End PBXBuildFile section */

/* Begin PBXFileReference section */
		36081E05287FFC0200A933AE /* Date+.swift */ = {isa = PBXFileReference; lastKnownFileType = sourcecode.swift; path = "Date+.swift"; sourceTree = "<group>"; };
		36081E07288003CC00A933AE /* String+.swift */ = {isa = PBXFileReference; lastKnownFileType = sourcecode.swift; path = "String+.swift"; sourceTree = "<group>"; };
		36431EB7287D4D79003C99B4 /* ReviewListHeaderView.swift */ = {isa = PBXFileReference; lastKnownFileType = sourcecode.swift; path = ReviewListHeaderView.swift; sourceTree = "<group>"; };
		36431EBA287D9581003C99B4 /* CustomKeyboardView.swift */ = {isa = PBXFileReference; lastKnownFileType = sourcecode.swift; path = CustomKeyboardView.swift; sourceTree = "<group>"; };
		36431EBC287D9598003C99B4 /* CustomKeyboard.xib */ = {isa = PBXFileReference; lastKnownFileType = file.xib; path = CustomKeyboard.xib; sourceTree = "<group>"; };
		36F646CF287D39E8007288C7 /* ReviewTableViewCell.swift */ = {isa = PBXFileReference; lastKnownFileType = sourcecode.swift; path = ReviewTableViewCell.swift; sourceTree = "<group>"; };
		36FCAC0A28825C50003AF9AF /* ReviewData1.swift */ = {isa = PBXFileReference; lastKnownFileType = sourcecode.swift; path = ReviewData1.swift; sourceTree = "<group>"; };
		36FCAC0C28825D0B003AF9AF /* PostReviewData.swift */ = {isa = PBXFileReference; lastKnownFileType = sourcecode.swift; path = PostReviewData.swift; sourceTree = "<group>"; };
		36FCAC0E28825D60003AF9AF /* NetworkManager.swift */ = {isa = PBXFileReference; lastKnownFileType = sourcecode.swift; path = NetworkManager.swift; sourceTree = "<group>"; };
		36FCAC1028828ED8003AF9AF /* EndPoint.swift */ = {isa = PBXFileReference; lastKnownFileType = sourcecode.swift; path = EndPoint.swift; sourceTree = "<group>"; };
		36FEC398288534C800F2C39B /* ImageLoder.swift */ = {isa = PBXFileReference; lastKnownFileType = sourcecode.swift; path = ImageLoder.swift; sourceTree = "<group>"; };
		DE15E65828604278003DD2F5 /* CustomKeyboard.app */ = {isa = PBXFileReference; explicitFileType = wrapper.application; includeInIndex = 0; path = CustomKeyboard.app; sourceTree = BUILT_PRODUCTS_DIR; };
		DE15E65B28604278003DD2F5 /* AppDelegate.swift */ = {isa = PBXFileReference; lastKnownFileType = sourcecode.swift; path = AppDelegate.swift; sourceTree = "<group>"; };
		DE15E65D28604278003DD2F5 /* SceneDelegate.swift */ = {isa = PBXFileReference; lastKnownFileType = sourcecode.swift; path = SceneDelegate.swift; sourceTree = "<group>"; };
		DE15E65F28604278003DD2F5 /* ReviewListViewController.swift */ = {isa = PBXFileReference; lastKnownFileType = sourcecode.swift; path = ReviewListViewController.swift; sourceTree = "<group>"; };
		DE15E66428604279003DD2F5 /* Assets.xcassets */ = {isa = PBXFileReference; lastKnownFileType = folder.assetcatalog; path = Assets.xcassets; sourceTree = "<group>"; };
		DE15E66728604279003DD2F5 /* Base */ = {isa = PBXFileReference; lastKnownFileType = file.storyboard; name = Base; path = Base.lproj/LaunchScreen.storyboard; sourceTree = "<group>"; };
		DE15E66928604279003DD2F5 /* Info.plist */ = {isa = PBXFileReference; lastKnownFileType = text.plist.xml; path = Info.plist; sourceTree = "<group>"; };
		F035E55A287D3C09002DA8F9 /* HttpClient.swift */ = {isa = PBXFileReference; lastKnownFileType = sourcecode.swift; path = HttpClient.swift; sourceTree = "<group>"; };
		F035E55C287D3E41002DA8F9 /* Repository.swift */ = {isa = PBXFileReference; lastKnownFileType = sourcecode.swift; path = Repository.swift; sourceTree = "<group>"; };
		F039F8A7288669C200E7B637 /* HangulKeyboardManager.swift */ = {isa = PBXFileReference; lastKnownFileType = sourcecode.swift; path = HangulKeyboardManager.swift; sourceTree = "<group>"; };
		F039F8A928866A2500E7B637 /* HangulKeyboardData.swift */ = {isa = PBXFileReference; lastKnownFileType = sourcecode.swift; path = HangulKeyboardData.swift; sourceTree = "<group>"; };
		F039F8AD28866F0C00E7B637 /* KeyboardIOManager.swift */ = {isa = PBXFileReference; lastKnownFileType = sourcecode.swift; path = KeyboardIOManager.swift; sourceTree = "<group>"; };
		F039F8AF28868F2000E7B637 /* HangulKeyboardConverter.swift */ = {isa = PBXFileReference; lastKnownFileType = sourcecode.swift; path = HangulKeyboardConverter.swift; sourceTree = "<group>"; };
		F039F8B1288690C800E7B637 /* HangulCombineValidator.swift */ = {isa = PBXFileReference; lastKnownFileType = sourcecode.swift; path = HangulCombineValidator.swift; sourceTree = "<group>"; };
		F039F8B3288692A900E7B637 /* HangulCombinator.swift */ = {isa = PBXFileReference; lastKnownFileType = sourcecode.swift; path = HangulCombinator.swift; sourceTree = "<group>"; };
		F0D480D2287D97BD00D9425C /* CreateReviewViewController.swift */ = {isa = PBXFileReference; lastKnownFileType = sourcecode.swift; path = CreateReviewViewController.swift; sourceTree = "<group>"; };
		F0D480D4287E532000D9425C /* HangulSet.swift */ = {isa = PBXFileReference; lastKnownFileType = sourcecode.swift; path = HangulSet.swift; sourceTree = "<group>"; };
		F0D480D6287E658300D9425C /* KeyboardMaker.swift */ = {isa = PBXFileReference; lastKnownFileType = sourcecode.swift; path = KeyboardMaker.swift; sourceTree = "<group>"; };
		F0D4B435287D564D0083E8AE /* ReviewData.swift */ = {isa = PBXFileReference; lastKnownFileType = sourcecode.swift; path = ReviewData.swift; sourceTree = "<group>"; };
/* End PBXFileReference section */

/* Begin PBXFrameworksBuildPhase section */
		DE15E65528604278003DD2F5 /* Frameworks */ = {
			isa = PBXFrameworksBuildPhase;
			buildActionMask = 2147483647;
			files = (
			);
			runOnlyForDeploymentPostprocessing = 0;
		};
/* End PBXFrameworksBuildPhase section */

/* Begin PBXGroup section */
		36081E0928800B1500A933AE /* Extension */ = {
			isa = PBXGroup;
			children = (
				36081E05287FFC0200A933AE /* Date+.swift */,
				36081E07288003CC00A933AE /* String+.swift */,
			);
			path = Extension;
			sourceTree = "<group>";
		};
		36431EB5287D46C3003C99B4 /* Views */ = {
			isa = PBXGroup;
			children = (
				36431EB9287D9549003C99B4 /* CustomKeyboard */,
				F0D480D1287D978D00D9425C /* Review */,
				36431EB6287D46F3003C99B4 /* ReviewList */,
			);
			path = Views;
			sourceTree = "<group>";
		};
		36431EB6287D46F3003C99B4 /* ReviewList */ = {
			isa = PBXGroup;
			children = (
				DE15E65F28604278003DD2F5 /* ReviewListViewController.swift */,
				36F646CF287D39E8007288C7 /* ReviewTableViewCell.swift */,
				36431EB7287D4D79003C99B4 /* ReviewListHeaderView.swift */,
			);
			path = ReviewList;
			sourceTree = "<group>";
		};
		36431EB9287D9549003C99B4 /* CustomKeyboard */ = {
			isa = PBXGroup;
			children = (
				36431EBA287D9581003C99B4 /* CustomKeyboardView.swift */,
				36431EBC287D9598003C99B4 /* CustomKeyboard.xib */,
			);
			path = CustomKeyboard;
			sourceTree = "<group>";
		};
		36CC2A75288142D5006C3089 /* NetworkManager */ = {
			isa = PBXGroup;
			children = (
				36FCAC1028828ED8003AF9AF /* EndPoint.swift */,
				36FCAC0E28825D60003AF9AF /* NetworkManager.swift */,
				36FCAC0A28825C50003AF9AF /* ReviewData1.swift */,
				36FCAC0C28825D0B003AF9AF /* PostReviewData.swift */,
				36FEC398288534C800F2C39B /* ImageLoder.swift */,
			);
			path = NetworkManager;
			sourceTree = "<group>";
		};
		DE15E64F28604278003DD2F5 = {
			isa = PBXGroup;
			children = (
				DE15E65A28604278003DD2F5 /* CustomKeyboard */,
				DE15E65928604278003DD2F5 /* Products */,
			);
			sourceTree = "<group>";
		};
		DE15E65928604278003DD2F5 /* Products */ = {
			isa = PBXGroup;
			children = (
				DE15E65828604278003DD2F5 /* CustomKeyboard.app */,
			);
			name = Products;
			sourceTree = "<group>";
		};
		DE15E65A28604278003DD2F5 /* CustomKeyboard */ = {
			isa = PBXGroup;
			children = (
				F039F8A62886698300E7B637 /* Hangul */,
				36CC2A75288142D5006C3089 /* NetworkManager */,
				36081E0928800B1500A933AE /* Extension */,
				F0D4B434287D56410083E8AE /* Model */,
				F035E559287D3BFB002DA8F9 /* Network */,
				DE15E65B28604278003DD2F5 /* AppDelegate.swift */,
				DE15E65D28604278003DD2F5 /* SceneDelegate.swift */,
				36431EB5287D46C3003C99B4 /* Views */,
				DE15E66428604279003DD2F5 /* Assets.xcassets */,
				DE15E66628604279003DD2F5 /* LaunchScreen.storyboard */,
				DE15E66928604279003DD2F5 /* Info.plist */,
			);
			path = CustomKeyboard;
			sourceTree = "<group>";
		};
		F035E559287D3BFB002DA8F9 /* Network */ = {
			isa = PBXGroup;
			children = (
				F035E55A287D3C09002DA8F9 /* HttpClient.swift */,
				F035E55C287D3E41002DA8F9 /* Repository.swift */,
			);
			path = Network;
			sourceTree = "<group>";
		};
		F039F8A62886698300E7B637 /* Hangul */ = {
			isa = PBXGroup;
			children = (
				F039F8A7288669C200E7B637 /* HangulKeyboardManager.swift */,
				F039F8A928866A2500E7B637 /* HangulKeyboardData.swift */,
				F039F8AF28868F2000E7B637 /* HangulKeyboardConverter.swift */,
				F039F8AD28866F0C00E7B637 /* KeyboardIOManager.swift */,
				F039F8B1288690C800E7B637 /* HangulCombineValidator.swift */,
				F039F8B3288692A900E7B637 /* HangulCombinator.swift */,
			);
			path = Hangul;
			sourceTree = "<group>";
		};
		F0D480D1287D978D00D9425C /* Review */ = {
			isa = PBXGroup;
			children = (
				F0D480D2287D97BD00D9425C /* CreateReviewViewController.swift */,
			);
			path = Review;
			sourceTree = "<group>";
		};
		F0D4B434287D56410083E8AE /* Model */ = {
			isa = PBXGroup;
			children = (
				F0D4B435287D564D0083E8AE /* ReviewData.swift */,
				F0D480D4287E532000D9425C /* HangulSet.swift */,
				F0D480D6287E658300D9425C /* KeyboardMaker.swift */,
			);
			path = Model;
			sourceTree = "<group>";
		};
/* End PBXGroup section */

/* Begin PBXNativeTarget section */
		DE15E65728604278003DD2F5 /* CustomKeyboard */ = {
			isa = PBXNativeTarget;
			buildConfigurationList = DE15E66C28604279003DD2F5 /* Build configuration list for PBXNativeTarget "CustomKeyboard" */;
			buildPhases = (
				DE15E65428604278003DD2F5 /* Sources */,
				DE15E65528604278003DD2F5 /* Frameworks */,
				DE15E65628604278003DD2F5 /* Resources */,
			);
			buildRules = (
			);
			dependencies = (
			);
			name = CustomKeyboard;
			productName = SNPLab;
			productReference = DE15E65828604278003DD2F5 /* CustomKeyboard.app */;
			productType = "com.apple.product-type.application";
		};
/* End PBXNativeTarget section */

/* Begin PBXProject section */
		DE15E65028604278003DD2F5 /* Project object */ = {
			isa = PBXProject;
			attributes = {
				BuildIndependentTargetsInParallel = 1;
				LastSwiftUpdateCheck = 1340;
				LastUpgradeCheck = 1340;
				TargetAttributes = {
					DE15E65728604278003DD2F5 = {
						CreatedOnToolsVersion = 13.4.1;
					};
				};
			};
			buildConfigurationList = DE15E65328604278003DD2F5 /* Build configuration list for PBXProject "CustomKeyboard" */;
			compatibilityVersion = "Xcode 13.0";
			developmentRegion = en;
			hasScannedForEncodings = 0;
			knownRegions = (
				en,
				Base,
			);
			mainGroup = DE15E64F28604278003DD2F5;
			productRefGroup = DE15E65928604278003DD2F5 /* Products */;
			projectDirPath = "";
			projectRoot = "";
			targets = (
				DE15E65728604278003DD2F5 /* CustomKeyboard */,
			);
		};
/* End PBXProject section */

/* Begin PBXResourcesBuildPhase section */
		DE15E65628604278003DD2F5 /* Resources */ = {
			isa = PBXResourcesBuildPhase;
			buildActionMask = 2147483647;
			files = (
				DE15E66828604279003DD2F5 /* LaunchScreen.storyboard in Resources */,
				DE15E66528604279003DD2F5 /* Assets.xcassets in Resources */,
				36431EBD287D9598003C99B4 /* CustomKeyboard.xib in Resources */,
			);
			runOnlyForDeploymentPostprocessing = 0;
		};
/* End PBXResourcesBuildPhase section */

/* Begin PBXSourcesBuildPhase section */
		DE15E65428604278003DD2F5 /* Sources */ = {
			isa = PBXSourcesBuildPhase;
			buildActionMask = 2147483647;
			files = (
				36081E06287FFC0200A933AE /* Date+.swift in Sources */,
				F0D4B436287D564D0083E8AE /* ReviewData.swift in Sources */,
				F039F8AA28866A2500E7B637 /* HangulKeyboardData.swift in Sources */,
				DE15E66028604278003DD2F5 /* ReviewListViewController.swift in Sources */,
				F0D480D3287D97BD00D9425C /* CreateReviewViewController.swift in Sources */,
				36F646D0287D39E8007288C7 /* ReviewTableViewCell.swift in Sources */,
				F039F8AE28866F0C00E7B637 /* KeyboardIOManager.swift in Sources */,
				36FEC399288534C800F2C39B /* ImageLoder.swift in Sources */,
				36431EB8287D4D79003C99B4 /* ReviewListHeaderView.swift in Sources */,
				DE15E65C28604278003DD2F5 /* AppDelegate.swift in Sources */,
				36FCAC0D28825D0B003AF9AF /* PostReviewData.swift in Sources */,
				F035E55D287D3E41002DA8F9 /* Repository.swift in Sources */,
				36FCAC0B28825C50003AF9AF /* ReviewData1.swift in Sources */,
				36FCAC1128828ED8003AF9AF /* EndPoint.swift in Sources */,
				F039F8B2288690C800E7B637 /* HangulCombineValidator.swift in Sources */,
				F039F8A8288669C200E7B637 /* HangulKeyboardManager.swift in Sources */,
				F039F8B028868F2000E7B637 /* HangulKeyboardConverter.swift in Sources */,
				F0D480D5287E532000D9425C /* HangulSet.swift in Sources */,
				F035E55B287D3C09002DA8F9 /* HttpClient.swift in Sources */,
				DE15E65E28604278003DD2F5 /* SceneDelegate.swift in Sources */,
				36FCAC0F28825D60003AF9AF /* NetworkManager.swift in Sources */,
				36081E08288003CC00A933AE /* String+.swift in Sources */,
				36431EBB287D9582003C99B4 /* CustomKeyboardView.swift in Sources */,
				F0D480D7287E658300D9425C /* KeyboardMaker.swift in Sources */,
				F039F8B4288692A900E7B637 /* HangulCombinator.swift in Sources */,
			);
			runOnlyForDeploymentPostprocessing = 0;
		};
/* End PBXSourcesBuildPhase section */

/* Begin PBXVariantGroup section */
		DE15E66628604279003DD2F5 /* LaunchScreen.storyboard */ = {
			isa = PBXVariantGroup;
			children = (
				DE15E66728604279003DD2F5 /* Base */,
			);
			name = LaunchScreen.storyboard;
			sourceTree = "<group>";
		};
/* End PBXVariantGroup section */

/* Begin XCBuildConfiguration section */
		DE15E66A28604279003DD2F5 /* Debug */ = {
			isa = XCBuildConfiguration;
			buildSettings = {
				ALWAYS_SEARCH_USER_PATHS = NO;
				CLANG_ANALYZER_NONNULL = YES;
				CLANG_ANALYZER_NUMBER_OBJECT_CONVERSION = YES_AGGRESSIVE;
				CLANG_CXX_LANGUAGE_STANDARD = "gnu++17";
				CLANG_ENABLE_MODULES = YES;
				CLANG_ENABLE_OBJC_ARC = YES;
				CLANG_ENABLE_OBJC_WEAK = YES;
				CLANG_WARN_BLOCK_CAPTURE_AUTORELEASING = YES;
				CLANG_WARN_BOOL_CONVERSION = YES;
				CLANG_WARN_COMMA = YES;
				CLANG_WARN_CONSTANT_CONVERSION = YES;
				CLANG_WARN_DEPRECATED_OBJC_IMPLEMENTATIONS = YES;
				CLANG_WARN_DIRECT_OBJC_ISA_USAGE = YES_ERROR;
				CLANG_WARN_DOCUMENTATION_COMMENTS = YES;
				CLANG_WARN_EMPTY_BODY = YES;
				CLANG_WARN_ENUM_CONVERSION = YES;
				CLANG_WARN_INFINITE_RECURSION = YES;
				CLANG_WARN_INT_CONVERSION = YES;
				CLANG_WARN_NON_LITERAL_NULL_CONVERSION = YES;
				CLANG_WARN_OBJC_IMPLICIT_RETAIN_SELF = YES;
				CLANG_WARN_OBJC_LITERAL_CONVERSION = YES;
				CLANG_WARN_OBJC_ROOT_CLASS = YES_ERROR;
				CLANG_WARN_QUOTED_INCLUDE_IN_FRAMEWORK_HEADER = YES;
				CLANG_WARN_RANGE_LOOP_ANALYSIS = YES;
				CLANG_WARN_STRICT_PROTOTYPES = YES;
				CLANG_WARN_SUSPICIOUS_MOVE = YES;
				CLANG_WARN_UNGUARDED_AVAILABILITY = YES_AGGRESSIVE;
				CLANG_WARN_UNREACHABLE_CODE = YES;
				CLANG_WARN__DUPLICATE_METHOD_MATCH = YES;
				COPY_PHASE_STRIP = NO;
				DEBUG_INFORMATION_FORMAT = dwarf;
				ENABLE_STRICT_OBJC_MSGSEND = YES;
				ENABLE_TESTABILITY = YES;
				GCC_C_LANGUAGE_STANDARD = gnu11;
				GCC_DYNAMIC_NO_PIC = NO;
				GCC_NO_COMMON_BLOCKS = YES;
				GCC_OPTIMIZATION_LEVEL = 0;
				GCC_PREPROCESSOR_DEFINITIONS = (
					"DEBUG=1",
					"$(inherited)",
				);
				GCC_WARN_64_TO_32_BIT_CONVERSION = YES;
				GCC_WARN_ABOUT_RETURN_TYPE = YES_ERROR;
				GCC_WARN_UNDECLARED_SELECTOR = YES;
				GCC_WARN_UNINITIALIZED_AUTOS = YES_AGGRESSIVE;
				GCC_WARN_UNUSED_FUNCTION = YES;
				GCC_WARN_UNUSED_VARIABLE = YES;
				IPHONEOS_DEPLOYMENT_TARGET = 15.0;
				MTL_ENABLE_DEBUG_INFO = INCLUDE_SOURCE;
				MTL_FAST_MATH = YES;
				ONLY_ACTIVE_ARCH = YES;
				SDKROOT = iphoneos;
				SWIFT_ACTIVE_COMPILATION_CONDITIONS = DEBUG;
				SWIFT_OPTIMIZATION_LEVEL = "-Onone";
			};
			name = Debug;
		};
		DE15E66B28604279003DD2F5 /* Release */ = {
			isa = XCBuildConfiguration;
			buildSettings = {
				ALWAYS_SEARCH_USER_PATHS = NO;
				CLANG_ANALYZER_NONNULL = YES;
				CLANG_ANALYZER_NUMBER_OBJECT_CONVERSION = YES_AGGRESSIVE;
				CLANG_CXX_LANGUAGE_STANDARD = "gnu++17";
				CLANG_ENABLE_MODULES = YES;
				CLANG_ENABLE_OBJC_ARC = YES;
				CLANG_ENABLE_OBJC_WEAK = YES;
				CLANG_WARN_BLOCK_CAPTURE_AUTORELEASING = YES;
				CLANG_WARN_BOOL_CONVERSION = YES;
				CLANG_WARN_COMMA = YES;
				CLANG_WARN_CONSTANT_CONVERSION = YES;
				CLANG_WARN_DEPRECATED_OBJC_IMPLEMENTATIONS = YES;
				CLANG_WARN_DIRECT_OBJC_ISA_USAGE = YES_ERROR;
				CLANG_WARN_DOCUMENTATION_COMMENTS = YES;
				CLANG_WARN_EMPTY_BODY = YES;
				CLANG_WARN_ENUM_CONVERSION = YES;
				CLANG_WARN_INFINITE_RECURSION = YES;
				CLANG_WARN_INT_CONVERSION = YES;
				CLANG_WARN_NON_LITERAL_NULL_CONVERSION = YES;
				CLANG_WARN_OBJC_IMPLICIT_RETAIN_SELF = YES;
				CLANG_WARN_OBJC_LITERAL_CONVERSION = YES;
				CLANG_WARN_OBJC_ROOT_CLASS = YES_ERROR;
				CLANG_WARN_QUOTED_INCLUDE_IN_FRAMEWORK_HEADER = YES;
				CLANG_WARN_RANGE_LOOP_ANALYSIS = YES;
				CLANG_WARN_STRICT_PROTOTYPES = YES;
				CLANG_WARN_SUSPICIOUS_MOVE = YES;
				CLANG_WARN_UNGUARDED_AVAILABILITY = YES_AGGRESSIVE;
				CLANG_WARN_UNREACHABLE_CODE = YES;
				CLANG_WARN__DUPLICATE_METHOD_MATCH = YES;
				COPY_PHASE_STRIP = NO;
				DEBUG_INFORMATION_FORMAT = "dwarf-with-dsym";
				ENABLE_NS_ASSERTIONS = NO;
				ENABLE_STRICT_OBJC_MSGSEND = YES;
				GCC_C_LANGUAGE_STANDARD = gnu11;
				GCC_NO_COMMON_BLOCKS = YES;
				GCC_WARN_64_TO_32_BIT_CONVERSION = YES;
				GCC_WARN_ABOUT_RETURN_TYPE = YES_ERROR;
				GCC_WARN_UNDECLARED_SELECTOR = YES;
				GCC_WARN_UNINITIALIZED_AUTOS = YES_AGGRESSIVE;
				GCC_WARN_UNUSED_FUNCTION = YES;
				GCC_WARN_UNUSED_VARIABLE = YES;
				IPHONEOS_DEPLOYMENT_TARGET = 15.0;
				MTL_ENABLE_DEBUG_INFO = NO;
				MTL_FAST_MATH = YES;
				SDKROOT = iphoneos;
				SWIFT_COMPILATION_MODE = wholemodule;
				SWIFT_OPTIMIZATION_LEVEL = "-O";
				VALIDATE_PRODUCT = YES;
			};
			name = Release;
		};
		DE15E66D28604279003DD2F5 /* Debug */ = {
			isa = XCBuildConfiguration;
			buildSettings = {
				ASSETCATALOG_COMPILER_APPICON_NAME = AppIcon;
				ASSETCATALOG_COMPILER_GLOBAL_ACCENT_COLOR_NAME = AccentColor;
				CODE_SIGN_STYLE = Automatic;
				CURRENT_PROJECT_VERSION = 1;
				GENERATE_INFOPLIST_FILE = YES;
				INFOPLIST_FILE = CustomKeyboard/Info.plist;
				INFOPLIST_KEY_UIApplicationSupportsIndirectInputEvents = YES;
				INFOPLIST_KEY_UILaunchStoryboardName = LaunchScreen;
				INFOPLIST_KEY_UISupportedInterfaceOrientations_iPad = "UIInterfaceOrientationPortrait UIInterfaceOrientationPortraitUpsideDown UIInterfaceOrientationLandscapeLeft UIInterfaceOrientationLandscapeRight";
				INFOPLIST_KEY_UISupportedInterfaceOrientations_iPhone = "UIInterfaceOrientationPortrait UIInterfaceOrientationLandscapeLeft UIInterfaceOrientationLandscapeRight";
				LD_RUNPATH_SEARCH_PATHS = (
					"$(inherited)",
					"@executable_path/Frameworks",
				);
				MARKETING_VERSION = 1.0;
				PRODUCT_BUNDLE_IDENTIFIER = net.yagom.CustomKeyboard;
				PRODUCT_NAME = "$(TARGET_NAME)";
				SWIFT_EMIT_LOC_STRINGS = YES;
				SWIFT_VERSION = 5.0;
				TARGETED_DEVICE_FAMILY = "1,2";
			};
			name = Debug;
		};
		DE15E66E28604279003DD2F5 /* Release */ = {
			isa = XCBuildConfiguration;
			buildSettings = {
				ASSETCATALOG_COMPILER_APPICON_NAME = AppIcon;
				ASSETCATALOG_COMPILER_GLOBAL_ACCENT_COLOR_NAME = AccentColor;
				CODE_SIGN_STYLE = Automatic;
				CURRENT_PROJECT_VERSION = 1;
				GENERATE_INFOPLIST_FILE = YES;
				INFOPLIST_FILE = CustomKeyboard/Info.plist;
				INFOPLIST_KEY_UIApplicationSupportsIndirectInputEvents = YES;
				INFOPLIST_KEY_UILaunchStoryboardName = LaunchScreen;
				INFOPLIST_KEY_UISupportedInterfaceOrientations_iPad = "UIInterfaceOrientationPortrait UIInterfaceOrientationPortraitUpsideDown UIInterfaceOrientationLandscapeLeft UIInterfaceOrientationLandscapeRight";
				INFOPLIST_KEY_UISupportedInterfaceOrientations_iPhone = "UIInterfaceOrientationPortrait UIInterfaceOrientationLandscapeLeft UIInterfaceOrientationLandscapeRight";
				LD_RUNPATH_SEARCH_PATHS = (
					"$(inherited)",
					"@executable_path/Frameworks",
				);
				MARKETING_VERSION = 1.0;
				PRODUCT_BUNDLE_IDENTIFIER = net.yagom.CustomKeyboard;
				PRODUCT_NAME = "$(TARGET_NAME)";
				SWIFT_EMIT_LOC_STRINGS = YES;
				SWIFT_VERSION = 5.0;
				TARGETED_DEVICE_FAMILY = "1,2";
			};
			name = Release;
		};
/* End XCBuildConfiguration section */

/* Begin XCConfigurationList section */
		DE15E65328604278003DD2F5 /* Build configuration list for PBXProject "CustomKeyboard" */ = {
			isa = XCConfigurationList;
			buildConfigurations = (
				DE15E66A28604279003DD2F5 /* Debug */,
				DE15E66B28604279003DD2F5 /* Release */,
			);
			defaultConfigurationIsVisible = 0;
			defaultConfigurationName = Release;
		};
		DE15E66C28604279003DD2F5 /* Build configuration list for PBXNativeTarget "CustomKeyboard" */ = {
			isa = XCConfigurationList;
			buildConfigurations = (
				DE15E66D28604279003DD2F5 /* Debug */,
				DE15E66E28604279003DD2F5 /* Release */,
			);
			defaultConfigurationIsVisible = 0;
			defaultConfigurationName = Release;
		};
/* End XCConfigurationList section */
	};
	rootObject = DE15E65028604278003DD2F5 /* Project object */;
}
